
Microsoft Visual Studio Solution File, Format Version 12.00
# Visual Studio 15
VisualStudioVersion = 15.0.28307.421
MinimumVisualStudioVersion = 10.0.40219.1
Project("{FAE04EC0-301F-11D3-BF4B-00C04F79EFBC}") = "TestTranslator", "TestTranslator\TestTranslator.csproj", "{6017D70E-3BE4-4F35-AAC5-B52EE21F2D79}"
EndProject
Project("{9A19103F-16F7-4668-BE54-9A1E7A4F7556}") = "TestTranslator.Tests", "TestTranslator.Tests\TestTranslator.Tests.csproj", "{4E5D453C-FC96-49DB-BD54-015EC8C3EAC7}"
EndProject
Project("{FAE04EC0-301F-11D3-BF4B-00C04F79EFBC}") = "TestTranslatorMSTest", "TestTranslatorMSTest\TestTranslatorMSTest.csproj", "{EC99A1E6-6984-4132-976F-DC01F8D96275}"
EndProject
Global
	GlobalSection(SolutionConfigurationPlatforms) = preSolution
		Debug|Any CPU = Debug|Any CPU
		Release|Any CPU = Release|Any CPU
	EndGlobalSection
	GlobalSection(ProjectConfigurationPlatforms) = postSolution
		{6017D70E-3BE4-4F35-AAC5-B52EE21F2D79}.Debug|Any CPU.ActiveCfg = Debug|Any CPU
		{6017D70E-3BE4-4F35-AAC5-B52EE21F2D79}.Debug|Any CPU.Build.0 = Debug|Any CPU
		{6017D70E-3BE4-4F35-AAC5-B52EE21F2D79}.Release|Any CPU.ActiveCfg = Release|Any CPU
		{6017D70E-3BE4-4F35-AAC5-B52EE21F2D79}.Release|Any CPU.Build.0 = Release|Any CPU
		{4E5D453C-FC96-49DB-BD54-015EC8C3EAC7}.Debug|Any CPU.ActiveCfg = Debug|Any CPU
		{4E5D453C-FC96-49DB-BD54-015EC8C3EAC7}.Debug|Any CPU.Build.0 = Debug|Any CPU
		{4E5D453C-FC96-49DB-BD54-015EC8C3EAC7}.Release|Any CPU.ActiveCfg = Release|Any CPU
		{4E5D453C-FC96-49DB-BD54-015EC8C3EAC7}.Release|Any CPU.Build.0 = Release|Any CPU
		{EC99A1E6-6984-4132-976F-DC01F8D96275}.Debug|Any CPU.ActiveCfg = Debug|Any CPU
		{EC99A1E6-6984-4132-976F-DC01F8D96275}.Debug|Any CPU.Build.0 = Debug|Any CPU
		{EC99A1E6-6984-4132-976F-DC01F8D96275}.Release|Any CPU.ActiveCfg = Release|Any CPU
		{EC99A1E6-6984-4132-976F-DC01F8D96275}.Release|Any CPU.Build.0 = Release|Any CPU
	EndGlobalSection
	GlobalSection(SolutionProperties) = preSolution
		HideSolutionNode = FALSE
	EndGlobalSection
	GlobalSection(ExtensibilityGlobals) = postSolution
		SolutionGuid = {A395CA4C-9A85-4576-8914-FEE2D872222C}
	EndGlobalSection
EndGlobal
